{
  "object": {
    "pins": [
      {
        "package": "SwiftUIFormHelper",
        "repositoryURL": "https://github.com/jeroenzonneveld/SwiftUIFormHelper.git",
        "state": {
          "branch": "develop",
          "revision": "8e4dc05e7c9920c0925b2e7b85309ca2a0841b47",
          "version": null
        }
      }
    ]
  },
  "version": 1
}
