// !$*UTF8*$!
{
	archiveVersion = 1;
	classes = {
	};
	objectVersion = 52;
	objects = {

/* Begin PBXBuildFile section */
		062C0AA423CD04360048A4BF /* AppDelegate.swift in Sources */ = {isa = PBXBuildFile; fileRef = 062C0AA323CD04360048A4BF /* AppDelegate.swift */; };
		062C0AA623CD04360048A4BF /* SceneDelegate.swift in Sources */ = {isa = PBXBuildFile; fileRef = 062C0AA523CD04360048A4BF /* SceneDelegate.swift */; };
		062C0AA823CD04360048A4BF /* ContentView.swift in Sources */ = {isa = PBXBuildFile; fileRef = 062C0AA723CD04360048A4BF /* ContentView.swift */; };
		062C0AAA23CD04370048A4BF /* Assets.xcassets in Resources */ = {isa = PBXBuildFile; fileRef = 062C0AA923CD04370048A4BF /* Assets.xcassets */; };
		062C0AAD23CD04370048A4BF /* Preview Assets.xcassets in Resources */ = {isa = PBXBuildFile; fileRef = 062C0AAC23CD04370048A4BF /* Preview Assets.xcassets */; };
		062C0AB023CD04370048A4BF /* LaunchScreen.storyboard in Resources */ = {isa = PBXBuildFile; fileRef = 062C0AAE23CD04370048A4BF /* LaunchScreen.storyboard */; };
		069F91652452290A00A97112 /* SwiftUIFormHelper in Frameworks */ = {isa = PBXBuildFile; productRef = 069F91642452290A00A97112 /* SwiftUIFormHelper */; };
/* End PBXBuildFile section */

/* Begin PBXFileReference section */
		062C0AA023CD04360048A4BF /* form-swiftui.app */ = {isa = PBXFileReference; explicitFileType = wrapper.application; includeInIndex = 0; path = "form-swiftui.app"; sourceTree = BUILT_PRODUCTS_DIR; };
		062C0AA323CD04360048A4BF /* AppDelegate.swift */ = {isa = PBXFileReference; lastKnownFileType = sourcecode.swift; path = AppDelegate.swift; sourceTree = "<group>"; };
		062C0AA523CD04360048A4BF /* SceneDelegate.swift */ = {isa = PBXFileReference; lastKnownFileType = sourcecode.swift; path = SceneDelegate.swift; sourceTree = "<group>"; };
		062C0AA723CD04360048A4BF /* ContentView.swift */ = {isa = PBXFileReference; lastKnownFileType = sourcecode.swift; path = ContentView.swift; sourceTree = "<group>"; };
		062C0AA923CD04370048A4BF /* Assets.xcassets */ = {isa = PBXFileReference; lastKnownFileType = folder.assetcatalog; path = Assets.xcassets; sourceTree = "<group>"; };
		062C0AAC23CD04370048A4BF /* Preview Assets.xcassets */ = {isa = PBXFileReference; lastKnownFileType = folder.assetcatalog; path = "Preview Assets.xcassets"; sourceTree = "<group>"; };
		062C0AAF23CD04370048A4BF /* Base */ = {isa = PBXFileReference; lastKnownFileType = file.storyboard; name = Base; path = Base.lproj/LaunchScreen.storyboard; sourceTree = "<group>"; };
		062C0AB123CD04370048A4BF /* Info.plist */ = {isa = PBXFileReference; lastKnownFileType = text.plist.xml; path = Info.plist; sourceTree = "<group>"; };
/* End PBXFileReference section */

/* Begin PBXFrameworksBuildPhase section */
		062C0A9D23CD04360048A4BF /* Frameworks */ = {
			isa = PBXFrameworksBuildPhase;
			buildActionMask = 2147483647;
			files = (
				069F91652452290A00A97112 /* SwiftUIFormHelper in Frameworks */,
			);
			runOnlyForDeploymentPostprocessing = 0;
		};
/* End PBXFrameworksBuildPhase section */

/* Begin PBXGroup section */
		062C0A9723CD04360048A4BF = {
			isa = PBXGroup;
			children = (
				062C0AA223CD04360048A4BF /* form-swiftui */,
				062C0AA123CD04360048A4BF /* Products */,
			);
			sourceTree = "<group>";
		};
		062C0AA123CD04360048A4BF /* Products */ = {
			isa = PBXGroup;
			children = (
				062C0AA023CD04360048A4BF /* form-swiftui.app */,
			);
			name = Products;
			sourceTree = "<group>";
		};
		062C0AA223CD04360048A4BF /* form-swiftui */ = {
			isa = PBXGroup;
			children = (
				062C0AA323CD04360048A4BF /* AppDelegate.swift */,
				062C0AA523CD04360048A4BF /* SceneDelegate.swift */,
				062C0AA723CD04360048A4BF /* ContentView.swift */,
				062C0AA923CD04370048A4BF /* Assets.xcassets */,
				062C0AAE23CD04370048A4BF /* LaunchScreen.storyboard */,
				062C0AB123CD04370048A4BF /* Info.plist */,
				062C0AAB23CD04370048A4BF /* Preview Content */,
			);
			path = "form-swiftui";
			sourceTree = "<group>";
		};
		062C0AAB23CD04370048A4BF /* Preview Content */ = {
			isa = PBXGroup;
			children = (
				062C0AAC23CD04370048A4BF /* Preview Assets.xcassets */,
			);
			path = "Preview Content";
			sourceTree = "<group>";
		};
/* End PBXGroup section */

/* Begin PBXNativeTarget section */
		062C0A9F23CD04360048A4BF /* form-swiftui */ = {
			isa = PBXNativeTarget;
			buildConfigurationList = 062C0AB423CD04370048A4BF /* Build configuration list for PBXNativeTarget "form-swiftui" */;
			buildPhases = (
				062C0A9C23CD04360048A4BF /* Sources */,
				062C0A9D23CD04360048A4BF /* Frameworks */,
				062C0A9E23CD04360048A4BF /* Resources */,
			);
			buildRules = (
			);
			dependencies = (
			);
			name = "form-swiftui";
			packageProductDependencies = (
				069F91642452290A00A97112 /* SwiftUIFormHelper */,
			);
			productName = "form-swiftui";
			productReference = 062C0AA023CD04360048A4BF /* form-swiftui.app */;
			productType = "com.apple.product-type.application";
		};
/* End PBXNativeTarget section */

/* Begin PBXProject section */
		062C0A9823CD04360048A4BF /* Project object */ = {
			isa = PBXProject;
			attributes = {
				LastSwiftUpdateCheck = 1130;
				LastUpgradeCheck = 1130;
				ORGANIZATIONNAME = "Jeroen Zonneveld";
				TargetAttributes = {
					062C0A9F23CD04360048A4BF = {
						CreatedOnToolsVersion = 11.3;
					};
				};
			};
			buildConfigurationList = 062C0A9B23CD04360048A4BF /* Build configuration list for PBXProject "form-swiftui" */;
			compatibilityVersion = "Xcode 9.3";
			developmentRegion = en;
			hasScannedForEncodings = 0;
			knownRegions = (
				en,
				Base,
			);
			mainGroup = 062C0A9723CD04360048A4BF;
			packageReferences = (
				069F91632452290A00A97112 /* XCRemoteSwiftPackageReference "SwiftUIFormHelper" */,
			);
			productRefGroup = 062C0AA123CD04360048A4BF /* Products */;
			projectDirPath = "";
			projectRoot = "";
			targets = (
				062C0A9F23CD04360048A4BF /* form-swiftui */,
			);
		};
/* End PBXProject section */

/* Begin PBXResourcesBuildPhase section */
		062C0A9E23CD04360048A4BF /* Resources */ = {
			isa = PBXResourcesBuildPhase;
			buildActionMask = 2147483647;
			files = (
				062C0AB023CD04370048A4BF /* LaunchScreen.storyboard in Resources */,
				062C0AAD23CD04370048A4BF /* Preview Assets.xcassets in Resources */,
				062C0AAA23CD04370048A4BF /* Assets.xcassets in Resources */,
			);
			runOnlyForDeploymentPostprocessing = 0;
		};
/* End PBXResourcesBuildPhase section */

/* Begin PBXSourcesBuildPhase section */
		062C0A9C23CD04360048A4BF /* Sources */ = {
			isa = PBXSourcesBuildPhase;
			buildActionMask = 2147483647;
			files = (
				062C0AA423CD04360048A4BF /* AppDelegate.swift in Sources */,
				062C0AA623CD04360048A4BF /* SceneDelegate.swift in Sources */,
				062C0AA823CD04360048A4BF /* ContentView.swift in Sources */,
			);
			runOnlyForDeploymentPostprocessing = 0;
		};
/* End PBXSourcesBuildPhase section */

/* Begin PBXVariantGroup section */
		062C0AAE23CD04370048A4BF /* LaunchScreen.storyboard */ = {
			isa = PBXVariantGroup;
			children = (
				062C0AAF23CD04370048A4BF /* Base */,
			);
			name = LaunchScreen.storyboard;
			sourceTree = "<group>";
		};
/* End PBXVariantGroup section */

/* Begin XCBuildConfiguration section */
		062C0AB223CD04370048A4BF /* Debug */ = {
			isa = XCBuildConfiguration;
			buildSettings = {
				ALWAYS_SEARCH_USER_PATHS = NO;
				CLANG_ANALYZER_NONNULL = YES;
				CLANG_ANALYZER_NUMBER_OBJECT_CONVERSION = YES_AGGRESSIVE;
				CLANG_CXX_LANGUAGE_STANDARD = "gnu++14";
				CLANG_CXX_LIBRARY = "libc++";
				CLANG_ENABLE_MODULES = YES;
				CLANG_ENABLE_OBJC_ARC = YES;
				CLANG_ENABLE_OBJC_WEAK = YES;
				CLANG_WARN_BLOCK_CAPTURE_AUTORELEASING = YES;
				CLANG_WARN_BOOL_CONVERSION = YES;
				CLANG_WARN_COMMA = YES;
				CLANG_WARN_CONSTANT_CONVERSION = YES;
				CLANG_WARN_DEPRECATED_OBJC_IMPLEMENTATIONS = YES;
				CLANG_WARN_DIRECT_OBJC_ISA_USAGE = YES_ERROR;
				CLANG_WARN_DOCUMENTATION_COMMENTS = YES;
				CLANG_WARN_EMPTY_BODY = YES;
				CLANG_WARN_ENUM_CONVERSION = YES;
				CLANG_WARN_INFINITE_RECURSION = YES;
				CLANG_WARN_INT_CONVERSION = YES;
				CLANG_WARN_NON_LITERAL_NULL_CONVERSION = YES;
				CLANG_WARN_OBJC_IMPLICIT_RETAIN_SELF = YES;
				CLANG_WARN_OBJC_LITERAL_CONVERSION = YES;
				CLANG_WARN_OBJC_ROOT_CLASS = YES_ERROR;
				CLANG_WARN_RANGE_LOOP_ANALYSIS = YES;
				CLANG_WARN_STRICT_PROTOTYPES = YES;
				CLANG_WARN_SUSPICIOUS_MOVE = YES;
				CLANG_WARN_UNGUARDED_AVAILABILITY = YES_AGGRESSIVE;
				CLANG_WARN_UNREACHABLE_CODE = YES;
				CLANG_WARN__DUPLICATE_METHOD_MATCH = YES;
				COPY_PHASE_STRIP = NO;
				DEBUG_INFORMATION_FORMAT = dwarf;
				ENABLE_STRICT_OBJC_MSGSEND = YES;
				ENABLE_TESTABILITY = YES;
				GCC_C_LANGUAGE_STANDARD = gnu11;
				GCC_DYNAMIC_NO_PIC = NO;
				GCC_NO_COMMON_BLOCKS = YES;
				GCC_OPTIMIZATION_LEVEL = 0;
				GCC_PREPROCESSOR_DEFINITIONS = (
					"DEBUG=1",
					"$(inherited)",
				);
				GCC_WARN_64_TO_32_BIT_CONVERSION = YES;
				GCC_WARN_ABOUT_RETURN_TYPE = YES_ERROR;
				GCC_WARN_UNDECLARED_SELECTOR = YES;
				GCC_WARN_UNINITIALIZED_AUTOS = YES_AGGRESSIVE;
				GCC_WARN_UNUSED_FUNCTION = YES;
				GCC_WARN_UNUSED_VARIABLE = YES;
				IPHONEOS_DEPLOYMENT_TARGET = 13.2;
				MTL_ENABLE_DEBUG_INFO = INCLUDE_SOURCE;
				MTL_FAST_MATH = YES;
				ONLY_ACTIVE_ARCH = YES;
				SDKROOT = iphoneos;
				SWIFT_ACTIVE_COMPILATION_CONDITIONS = DEBUG;
				SWIFT_OPTIMIZATION_LEVEL = "-Onone";
			};
			name = Debug;
		};
		062C0AB323CD04370048A4BF /* Release */ = {
			isa = XCBuildConfiguration;
			buildSettings = {
				ALWAYS_SEARCH_USER_PATHS = NO;
				CLANG_ANALYZER_NONNULL = YES;
				CLANG_ANALYZER_NUMBER_OBJECT_CONVERSION = YES_AGGRESSIVE;
				CLANG_CXX_LANGUAGE_STANDARD = "gnu++14";
				CLANG_CXX_LIBRARY = "libc++";
				CLANG_ENABLE_MODULES = YES;
				CLANG_ENABLE_OBJC_ARC = YES;
				CLANG_ENABLE_OBJC_WEAK = YES;
				CLANG_WARN_BLOCK_CAPTURE_AUTORELEASING = YES;
				CLANG_WARN_BOOL_CONVERSION = YES;
				CLANG_WARN_COMMA = YES;
				CLANG_WARN_CONSTANT_CONVERSION = YES;
				CLANG_WARN_DEPRECATED_OBJC_IMPLEMENTATIONS = YES;
				CLANG_WARN_DIRECT_OBJC_ISA_USAGE = YES_ERROR;
				CLANG_WARN_DOCUMENTATION_COMMENTS = YES;
				CLANG_WARN_EMPTY_BODY = YES;
				CLANG_WARN_ENUM_CONVERSION = YES;
				CLANG_WARN_INFINITE_RECURSION = YES;
				CLANG_WARN_INT_CONVERSION = YES;
				CLANG_WARN_NON_LITERAL_NULL_CONVERSION = YES;
				CLANG_WARN_OBJC_IMPLICIT_RETAIN_SELF = YES;
				CLANG_WARN_OBJC_LITERAL_CONVERSION = YES;
				CLANG_WARN_OBJC_ROOT_CLASS = YES_ERROR;
				CLANG_WARN_RANGE_LOOP_ANALYSIS = YES;
				CLANG_WARN_STRICT_PROTOTYPES = YES;
				CLANG_WARN_SUSPICIOUS_MOVE = YES;
				CLANG_WARN_UNGUARDED_AVAILABILITY = YES_AGGRESSIVE;
				CLANG_WARN_UNREACHABLE_CODE = YES;
				CLANG_WARN__DUPLICATE_METHOD_MATCH = YES;
				COPY_PHASE_STRIP = NO;
				DEBUG_INFORMATION_FORMAT = "dwarf-with-dsym";
				ENABLE_NS_ASSERTIONS = NO;
				ENABLE_STRICT_OBJC_MSGSEND = YES;
				GCC_C_LANGUAGE_STANDARD = gnu11;
				GCC_NO_COMMON_BLOCKS = YES;
				GCC_WARN_64_TO_32_BIT_CONVERSION = YES;
				GCC_WARN_ABOUT_RETURN_TYPE = YES_ERROR;
				GCC_WARN_UNDECLARED_SELECTOR = YES;
				GCC_WARN_UNINITIALIZED_AUTOS = YES_AGGRESSIVE;
				GCC_WARN_UNUSED_FUNCTION = YES;
				GCC_WARN_UNUSED_VARIABLE = YES;
				IPHONEOS_DEPLOYMENT_TARGET = 13.2;
				MTL_ENABLE_DEBUG_INFO = NO;
				MTL_FAST_MATH = YES;
				SDKROOT = iphoneos;
				SWIFT_COMPILATION_MODE = wholemodule;
				SWIFT_OPTIMIZATION_LEVEL = "-O";
				VALIDATE_PRODUCT = YES;
			};
			name = Release;
		};
		062C0AB523CD04370048A4BF /* Debug */ = {
			isa = XCBuildConfiguration;
			buildSettings = {
				ASSETCATALOG_COMPILER_APPICON_NAME = AppIcon;
				CODE_SIGN_STYLE = Automatic;
				DEVELOPMENT_ASSET_PATHS = "\"form-swiftui/Preview Content\"";
				ENABLE_PREVIEWS = YES;
				INFOPLIST_FILE = "form-swiftui/Info.plist";
				LD_RUNPATH_SEARCH_PATHS = (
					"$(inherited)",
					"@executable_path/Frameworks",
				);
				PRODUCT_BUNDLE_IDENTIFIER = "dev.zonneveld.form-swiftui";
				PRODUCT_NAME = "$(TARGET_NAME)";
				SWIFT_VERSION = 5.0;
				TARGETED_DEVICE_FAMILY = "1,2";
			};
			name = Debug;
		};
		062C0AB623CD04370048A4BF /* Release */ = {
			isa = XCBuildConfiguration;
			buildSettings = {
				ASSETCATALOG_COMPILER_APPICON_NAME = AppIcon;
				CODE_SIGN_STYLE = Automatic;
				DEVELOPMENT_ASSET_PATHS = "\"form-swiftui/Preview Content\"";
				ENABLE_PREVIEWS = YES;
				INFOPLIST_FILE = "form-swiftui/Info.plist";
				LD_RUNPATH_SEARCH_PATHS = (
					"$(inherited)",
					"@executable_path/Frameworks",
				);
				PRODUCT_BUNDLE_IDENTIFIER = "dev.zonneveld.form-swiftui";
				PRODUCT_NAME = "$(TARGET_NAME)";
				SWIFT_VERSION = 5.0;
				TARGETED_DEVICE_FAMILY = "1,2";
			};
			name = Release;
		};
/* End XCBuildConfiguration section */

/* Begin XCConfigurationList section */
		062C0A9B23CD04360048A4BF /* Build configuration list for PBXProject "form-swiftui" */ = {
			isa = XCConfigurationList;
			buildConfigurations = (
				062C0AB223CD04370048A4BF /* Debug */,
				062C0AB323CD04370048A4BF /* Release */,
			);
			defaultConfigurationIsVisible = 0;
			defaultConfigurationName = Release;
		};
		062C0AB423CD04370048A4BF /* Build configuration list for PBXNativeTarget "form-swiftui" */ = {
			isa = XCConfigurationList;
			buildConfigurations = (
				062C0AB523CD04370048A4BF /* Debug */,
				062C0AB623CD04370048A4BF /* Release */,
			);
			defaultConfigurationIsVisible = 0;
			defaultConfigurationName = Release;
		};
/* End XCConfigurationList section */

/* Begin XCRemoteSwiftPackageReference section */
		069F91632452290A00A97112 /* XCRemoteSwiftPackageReference "SwiftUIFormHelper" */ = {
			isa = XCRemoteSwiftPackageReference;
			repositoryURL = "https://github.com/jeroenzonneveld/SwiftUIFormHelper.git";
			requirement = {
				branch = develop;
				kind = branch;
			};
		};
/* End XCRemoteSwiftPackageReference section */

/* Begin XCSwiftPackageProductDependency section */
		069F91642452290A00A97112 /* SwiftUIFormHelper */ = {
			isa = XCSwiftPackageProductDependency;
			package = 069F91632452290A00A97112 /* XCRemoteSwiftPackageReference "SwiftUIFormHelper" */;
			productName = SwiftUIFormHelper;
		};
/* End XCSwiftPackageProductDependency section */
	};
	rootObject = 062C0A9823CD04360048A4BF /* Project object */;
}
